<?xml version="1.0" encoding="UTF-8"?>
<!DOCTYPE plist PUBLIC "-//Apple//DTD PLIST 1.0//EN" "http://www.apple.com/DTDs/PropertyList-1.0.dtd">
<plist version="1.0">
<dict>
	<key>archiveVersion</key>
	<string>1</string>
	<key>objectVersion</key>
	<string>56</string>
	<key>objects</key>
	<dict>
		<key>BuildFile_App</key>
		<dict>
			<key>fileRef</key>
			<string>File_App</string>
			<key>isa</key>
			<string>PBXBuildFile</string>
		</dict>
		<key>BuildFile_Assets</key>
		<dict>
			<key>fileRef</key>
			<string>File_Assets</string>
			<key>isa</key>
			<string>PBXBuildFile</string>
		</dict>
		<key>BuildFile_Content</key>
		<dict>
			<key>fileRef</key>
			<string>File_Content</string>
			<key>isa</key>
			<string>PBXBuildFile</string>
		</dict>
		<key>BuildFile_Models</key>
		<dict>
			<key>fileRef</key>
			<string>File_Models</string>
			<key>isa</key>
			<string>PBXBuildFile</string>
		</dict>
		<key>BuildFile_Store</key>
		<dict>
			<key>fileRef</key>
			<string>File_Store</string>
			<key>isa</key>
			<string>PBXBuildFile</string>
		</dict>
		<key>File_App</key>
		<dict>
			<key>isa</key>
			<string>PBXFileReference</string>
			<key>lastKnownFileType</key>
			<string>sourcecode.swift</string>
			<key>path</key>
			<string>WorkoutTrackerApp.swift</string>
			<key>sourceTree</key>
			<string>&lt;group&gt;</string>
		</dict>
		<key>File_Assets</key>
		<dict>
			<key>isa</key>
			<string>PBXFileReference</string>
			<key>lastKnownFileType</key>
			<string>folder.assetcatalog</string>
			<key>path</key>
			<string>WorkoutTracker/Assets.xcassets</string>
			<key>sourceTree</key>
			<string>SOURCE_ROOT</string>
		</dict>
		<key>File_Content</key>
		<dict>
			<key>isa</key>
			<string>PBXFileReference</string>
			<key>lastKnownFileType</key>
			<string>sourcecode.swift</string>
			<key>path</key>
			<string>ContentView.swift</string>
			<key>sourceTree</key>
			<string>&lt;group&gt;</string>
		</dict>
		<key>File_Models</key>
		<dict>
			<key>isa</key>
			<string>PBXFileReference</string>
			<key>lastKnownFileType</key>
			<string>sourcecode.swift</string>
			<key>path</key>
			<string>Models.swift</string>
			<key>sourceTree</key>
			<string>&lt;group&gt;</string>
		</dict>
		<key>File_ModelsTests</key>
		<dict>
			<key>isa</key>
			<string>PBXFileReference</string>
			<key>lastKnownFileType</key>
			<string>sourcecode.swift</string>
			<key>path</key>
			<string>ModelsTests.swift</string>
			<key>sourceTree</key>
			<string>&lt;group&gt;</string>
		</dict>
		<key>File_Plist</key>
		<dict>
			<key>isa</key>
			<string>PBXFileReference</string>
			<key>lastKnownFileType</key>
			<string>text.plist.xml</string>
			<key>path</key>
			<string>WorkoutTracker/Info.plist</string>
			<key>sourceTree</key>
			<string>SOURCE_ROOT</string>
		</dict>
		<key>File_Store</key>
		<dict>
			<key>isa</key>
			<string>PBXFileReference</string>
			<key>lastKnownFileType</key>
			<string>sourcecode.swift</string>
			<key>path</key>
			<string>WorkoutStore.swift</string>
			<key>sourceTree</key>
			<string>&lt;group&gt;</string>
		</dict>
		<key>File_StoreTests</key>
		<dict>
			<key>isa</key>
			<string>PBXFileReference</string>
			<key>lastKnownFileType</key>
			<string>sourcecode.swift</string>
			<key>path</key>
			<string>WorkoutStoreTests.swift</string>
			<key>sourceTree</key>
			<string>&lt;group&gt;</string>
		</dict>
		<key>PBXBuildPhase_Resources</key>
		<dict>
			<key>buildActionMask</key>
			<integer>2147483647</integer>
			<key>files</key>
			<array>
				<string>BuildFile_Assets</string>
			</array>
			<key>isa</key>
			<string>PBXResourcesBuildPhase</string>
			<key>runOnlyForDeploymentPostprocessing</key>
			<integer>0</integer>
		</dict>
		<key>PBXBuildPhase_Sources</key>
		<dict>
			<key>buildActionMask</key>
			<integer>2147483647</integer>
			<key>files</key>
			<array>
				<string>BuildFile_App</string>
				<string>BuildFile_Content</string>
				<string>BuildFile_Models</string>
				<string>BuildFile_Store</string>
			</array>
			<key>isa</key>
			<string>PBXSourcesBuildPhase</string>
			<key>runOnlyForDeploymentPostprocessing</key>
			<integer>0</integer>
		</dict>
		<key>PBXConfigList_Project</key>
		<dict>
			<key>buildConfigurations</key>
			<array>
				<string>XCConfig_Debug</string>
				<string>XCConfig_Release</string>
			</array>
			<key>defaultConfigurationIsVisible</key>
			<integer>0</integer>
			<key>defaultConfigurationName</key>
			<string>Debug</string>
			<key>isa</key>
			<string>XCConfigurationList</string>
		</dict>
		<key>PBXConfigList_Target</key>
		<dict>
			<key>buildConfigurations</key>
			<array>
				<string>XCTConfig_Debug</string>
				<string>XCTConfig_Release</string>
			</array>
			<key>defaultConfigurationIsVisible</key>
			<integer>0</integer>
			<key>defaultConfigurationName</key>
			<string>Debug</string>
			<key>isa</key>
			<string>XCConfigurationList</string>
		</dict>
		<key>PBXGroup_Resources</key>
		<dict>
			<key>children</key>
			<array>
				<string>File_Assets</string>
				<string>File_Plist</string>
			</array>
			<key>isa</key>
			<string>PBXGroup</string>
			<key>name</key>
			<string>Resources</string>
			<key>sourceTree</key>
			<string>&lt;group&gt;</string>
		</dict>
		<key>PBXGroup_Root</key>
		<dict>
			<key>children</key>
			<array>
				<string>PBXGroup_Sources</string>
				<string>PBXGroup_Tests</string>
				<string>PBXGroup_Resources</string>
			</array>
			<key>isa</key>
			<string>PBXGroup</string>
			<key>sourceTree</key>
			<string>&lt;group&gt;</string>
		</dict>
		<key>PBXGroup_Sources</key>
		<dict>
			<key>children</key>
			<array>
				<string>File_App</string>
				<string>File_Content</string>
				<string>File_Models</string>
				<string>File_Store</string>
			</array>
			<key>isa</key>
			<string>PBXGroup</string>
			<key>path</key>
			<string>WorkoutTracker/Sources</string>
			<key>sourceTree</key>
			<string>&lt;group&gt;</string>
		</dict>
		<key>PBXGroup_Tests</key>
		<dict>
			<key>children</key>
			<array>
				<string>File_StoreTests</string>
				<string>File_ModelsTests</string>
			</array>
			<key>isa</key>
			<string>PBXGroup</string>
			<key>path</key>
			<string>WorkoutTracker/Tests</string>
			<key>sourceTree</key>
			<string>&lt;group&gt;</string>
		</dict>
		<key>PBXProject</key>
		<dict>
			<key>attributes</key>
			<dict>
				<key>LastUpgradeCheck</key>
				<string>1600</string>
			</dict>
			<key>buildConfigurationList</key>
			<string>PBXConfigList_Project</string>
			<key>compatibilityVersion</key>
			<string>Xcode 14.0</string>
			<key>isa</key>
			<string>PBXProject</string>
			<key>mainGroup</key>
			<string>PBXGroup_Root</string>
			<key>objectVersion</key>
			<string>56</string>
			<key>targets</key>
			<array>
				<string>PBXTarget_Main</string>
			</array>
		</dict>
		<key>PBXTarget_Main</key>
		<dict>
			<key>buildConfigurationList</key>
			<string>PBXConfigList_Target</string>
			<key>buildPhases</key>
			<array>
				<string>PBXBuildPhase_Sources</string>
				<string>PBXBuildPhase_Resources</string>
			</array>
			<key>buildRules</key>
			<array/>
			<key>dependencies</key>
			<array/>
			<key>isa</key>
			<string>PBXNativeTarget</string>
			<key>name</key>
			<string>WorkoutTracker</string>
			<key>productName</key>
			<string>WorkoutTracker</string>
			<key>productType</key>
			<string>com.apple.product-type.application</string>
		</dict>
		<key>XCConfig_Debug</key>
		<dict>
			<key>buildSettings</key>
			<dict>
				<key>CODE_SIGN_IDENTITY</key>
				<string></string>
				<key>IPHONEOS_DEPLOYMENT_TARGET</key>
				<string>26.0</string>
				<key>PRODUCT_BUNDLE_IDENTIFIER</key>
				<string>com.julio.workout-tracker</string>
				<key>PRODUCT_NAME</key>
				<string>$(TARGET_NAME)</string>
				<key>SDKROOT</key>
				<string>iphoneos</string>
				<key>SWIFT_VERSION</key>
				<string>6.0</string>
				<key>TARGETED_DEVICE_FAMILY</key>
				<string>1</string>
			</dict>
			<key>isa</key>
			<string>XCBuildConfiguration</string>
			<key>name</key>
			<string>Debug</string>
		</dict>
		<key>XCConfig_Release</key>
		<dict>
			<key>buildSettings</key>
			<dict>
				<key>CODE_SIGN_IDENTITY</key>
				<string></string>
				<key>IPHONEOS_DEPLOYMENT_TARGET</key>
				<string>26.0</string>
				<key>PRODUCT_BUNDLE_IDENTIFIER</key>
				<string>com.julio.workout-tracker</string>
				<key>PRODUCT_NAME</key>
				<string>$(TARGET_NAME)</string>
				<key>SDKROOT</key>
				<string>iphoneos</string>
				<key>SWIFT_VERSION</key>
				<string>6.0</string>
				<key>TARGETED_DEVICE_FAMILY</key>
				<string>1</string>
			</dict>
			<key>isa</key>
			<string>XCBuildConfiguration</string>
			<key>name</key>
			<string>Release</string>
		</dict>
		<key>XCTConfig_Debug</key>
		<dict>
			<key>buildSettings</key>
			<dict>
				<key>ASSETCATALOG_COMPILER_APPICON_NAME</key>
				<string>AppIcon</string>
				<key>CODE_SIGN_STYLE</key>
				<string>Automatic</string>
				<key>INFOPLIST_FILE</key>
				<string>WorkoutTracker/Info.plist</string>
				<key>IPHONEOS_DEPLOYMENT_TARGET</key>
				<string>26.0</string>
				<key>PRODUCT_BUNDLE_IDENTIFIER</key>
				<string>com.julio.workout-tracker</string>
				<key>PRODUCT_NAME</key>
				<string>$(TARGET_NAME)</string>
				<key>SDKROOT</key>
				<string>iphoneos</string>
				<key>SWIFT_OPTIMIZATION_LEVEL</key>
				<string>-Onone</string>
				<key>SWIFT_VERSION</key>
				<string>6.0</string>
				<key>TARGETED_DEVICE_FAMILY</key>
				<string>1</string>
			</dict>
			<key>isa</key>
			<string>XCBuildConfiguration</string>
			<key>name</key>
			<string>Debug</string>
		</dict>
		<key>XCTConfig_Release</key>
		<dict>
			<key>buildSettings</key>
			<dict>
				<key>ASSETCATALOG_COMPILER_APPICON_NAME</key>
				<string>AppIcon</string>
				<key>CODE_SIGN_STYLE</key>
				<string>Automatic</string>
				<key>INFOPLIST_FILE</key>
				<string>WorkoutTracker/Info.plist</string>
				<key>IPHONEOS_DEPLOYMENT_TARGET</key>
				<string>26.0</string>
				<key>PRODUCT_BUNDLE_IDENTIFIER</key>
				<string>com.julio.workout-tracker</string>
				<key>PRODUCT_NAME</key>
				<string>$(TARGET_NAME)</string>
				<key>SDKROOT</key>
				<string>iphoneos</string>
				<key>SWIFT_VERSION</key>
				<string>6.0</string>
				<key>TARGETED_DEVICE_FAMILY</key>
				<string>1</string>
			</dict>
			<key>isa</key>
			<string>XCBuildConfiguration</string>
			<key>name</key>
			<string>Release</string>
		</dict>
	</dict>
	<key>rootObject</key>
	<string>PBXProject</string>
</dict>
</plist>
